
Microsoft Visual Studio Solution File, Format Version 12.00
# Visual Studio Version 17
VisualStudioVersion = 17.0.31903.59
MinimumVisualStudioVersion = 10.0.40219.1
Project("{FAE04EC0-301F-11D3-BF4B-00C04F79EFBC}") = "Smartsolutions.API", "Smartsolutions.API\Smartsolutions.API.csproj", "{31E3316E-87A7-4C51-B813-1AE65A0A0F00}"
EndProject
Project("{FAE04EC0-301F-11D3-BF4B-00C04F79EFBC}") = "Smartsolutions.Domain", "Smartsolutions.Domain\Smartsolutions.Domain.csproj", "{6BBCDF22-AFF0-4152-8284-7602782AE1C3}"
EndProject
Project("{FAE04EC0-301F-11D3-BF4B-00C04F79EFBC}") = "Smartsolutions.Application", "Smartsolutions.Application\Smartsolutions.Application.csproj", "{D0904CD9-743D-46AE-AA07-23FF3140B9BF}"
EndProject
Project("{FAE04EC0-301F-11D3-BF4B-00C04F79EFBC}") = "Smartsolutions.Infrastructure", "Smartsolutions.Infrastructure\Smartsolutions.Infrastructure.csproj", "{233924B7-6CC4-412A-BC17-AB71A23A61D4}"
EndProject
Global
	GlobalSection(SolutionConfigurationPlatforms) = preSolution
		Debug|Any CPU = Debug|Any CPU
		Debug|x64 = Debug|x64
		Debug|x86 = Debug|x86
		Release|Any CPU = Release|Any CPU
		Release|x64 = Release|x64
		Release|x86 = Release|x86
	EndGlobalSection
	GlobalSection(ProjectConfigurationPlatforms) = postSolution
		{31E3316E-87A7-4C51-B813-1AE65A0A0F00}.Debug|Any CPU.ActiveCfg = Debug|Any CPU
		{31E3316E-87A7-4C51-B813-1AE65A0A0F00}.Debug|Any CPU.Build.0 = Debug|Any CPU
		{31E3316E-87A7-4C51-B813-1AE65A0A0F00}.Debug|x64.ActiveCfg = Debug|Any CPU
		{31E3316E-87A7-4C51-B813-1AE65A0A0F00}.Debug|x64.Build.0 = Debug|Any CPU
		{31E3316E-87A7-4C51-B813-1AE65A0A0F00}.Debug|x86.ActiveCfg = Debug|Any CPU
		{31E3316E-87A7-4C51-B813-1AE65A0A0F00}.Debug|x86.Build.0 = Debug|Any CPU
		{31E3316E-87A7-4C51-B813-1AE65A0A0F00}.Release|Any CPU.ActiveCfg = Release|Any CPU
		{31E3316E-87A7-4C51-B813-1AE65A0A0F00}.Release|Any CPU.Build.0 = Release|Any CPU
		{31E3316E-87A7-4C51-B813-1AE65A0A0F00}.Release|x64.ActiveCfg = Release|Any CPU
		{31E3316E-87A7-4C51-B813-1AE65A0A0F00}.Release|x64.Build.0 = Release|Any CPU
		{31E3316E-87A7-4C51-B813-1AE65A0A0F00}.Release|x86.ActiveCfg = Release|Any CPU
		{31E3316E-87A7-4C51-B813-1AE65A0A0F00}.Release|x86.Build.0 = Release|Any CPU
		{6BBCDF22-AFF0-4152-8284-7602782AE1C3}.Debug|Any CPU.ActiveCfg = Debug|Any CPU
		{6BBCDF22-AFF0-4152-8284-7602782AE1C3}.Debug|Any CPU.Build.0 = Debug|Any CPU
		{6BBCDF22-AFF0-4152-8284-7602782AE1C3}.Debug|x64.ActiveCfg = Debug|Any CPU
		{6BBCDF22-AFF0-4152-8284-7602782AE1C3}.Debug|x64.Build.0 = Debug|Any CPU
		{6BBCDF22-AFF0-4152-8284-7602782AE1C3}.Debug|x86.ActiveCfg = Debug|Any CPU
		{6BBCDF22-AFF0-4152-8284-7602782AE1C3}.Debug|x86.Build.0 = Debug|Any CPU
		{6BBCDF22-AFF0-4152-8284-7602782AE1C3}.Release|Any CPU.ActiveCfg = Release|Any CPU
		{6BBCDF22-AFF0-4152-8284-7602782AE1C3}.Release|Any CPU.Build.0 = Release|Any CPU
		{6BBCDF22-AFF0-4152-8284-7602782AE1C3}.Release|x64.ActiveCfg = Release|Any CPU
		{6BBCDF22-AFF0-4152-8284-7602782AE1C3}.Release|x64.Build.0 = Release|Any CPU
		{6BBCDF22-AFF0-4152-8284-7602782AE1C3}.Release|x86.ActiveCfg = Release|Any CPU
		{6BBCDF22-AFF0-4152-8284-7602782AE1C3}.Release|x86.Build.0 = Release|Any CPU
		{D0904CD9-743D-46AE-AA07-23FF3140B9BF}.Debug|Any CPU.ActiveCfg = Debug|Any CPU
		{D0904CD9-743D-46AE-AA07-23FF3140B9BF}.Debug|Any CPU.Build.0 = Debug|Any CPU
		{D0904CD9-743D-46AE-AA07-23FF3140B9BF}.Debug|x64.ActiveCfg = Debug|Any CPU
		{D0904CD9-743D-46AE-AA07-23FF3140B9BF}.Debug|x64.Build.0 = Debug|Any CPU
		{D0904CD9-743D-46AE-AA07-23FF3140B9BF}.Debug|x86.ActiveCfg = Debug|Any CPU
		{D0904CD9-743D-46AE-AA07-23FF3140B9BF}.Debug|x86.Build.0 = Debug|Any CPU
		{D0904CD9-743D-46AE-AA07-23FF3140B9BF}.Release|Any CPU.ActiveCfg = Release|Any CPU
		{D0904CD9-743D-46AE-AA07-23FF3140B9BF}.Release|Any CPU.Build.0 = Release|Any CPU
		{D0904CD9-743D-46AE-AA07-23FF3140B9BF}.Release|x64.ActiveCfg = Release|Any CPU
		{D0904CD9-743D-46AE-AA07-23FF3140B9BF}.Release|x64.Build.0 = Release|Any CPU
		{D0904CD9-743D-46AE-AA07-23FF3140B9BF}.Release|x86.ActiveCfg = Release|Any CPU
		{D0904CD9-743D-46AE-AA07-23FF3140B9BF}.Release|x86.Build.0 = Release|Any CPU
		{233924B7-6CC4-412A-BC17-AB71A23A61D4}.Debug|Any CPU.ActiveCfg = Debug|Any CPU
		{233924B7-6CC4-412A-BC17-AB71A23A61D4}.Debug|Any CPU.Build.0 = Debug|Any CPU
		{233924B7-6CC4-412A-BC17-AB71A23A61D4}.Debug|x64.ActiveCfg = Debug|Any CPU
		{233924B7-6CC4-412A-BC17-AB71A23A61D4}.Debug|x64.Build.0 = Debug|Any CPU
		{233924B7-6CC4-412A-BC17-AB71A23A61D4}.Debug|x86.ActiveCfg = Debug|Any CPU
		{233924B7-6CC4-412A-BC17-AB71A23A61D4}.Debug|x86.Build.0 = Debug|Any CPU
		{233924B7-6CC4-412A-BC17-AB71A23A61D4}.Release|Any CPU.ActiveCfg = Release|Any CPU
		{233924B7-6CC4-412A-BC17-AB71A23A61D4}.Release|Any CPU.Build.0 = Release|Any CPU
		{233924B7-6CC4-412A-BC17-AB71A23A61D4}.Release|x64.ActiveCfg = Release|Any CPU
		{233924B7-6CC4-412A-BC17-AB71A23A61D4}.Release|x64.Build.0 = Release|Any CPU
		{233924B7-6CC4-412A-BC17-AB71A23A61D4}.Release|x86.ActiveCfg = Release|Any CPU
		{233924B7-6CC4-412A-BC17-AB71A23A61D4}.Release|x86.Build.0 = Release|Any CPU
	EndGlobalSection
	GlobalSection(SolutionProperties) = preSolution
		HideSolutionNode = FALSE
	EndGlobalSection
	GlobalSection(ExtensibilityGlobals) = postSolution
		SolutionGuid = {BF6FFDB3-00FA-4041-8615-6552093FD3F4}
	EndGlobalSection
EndGlobal
